
Microsoft Visual Studio Solution File, Format Version 12.00
# Visual Studio Version 17
VisualStudioVersion = 17.13.35919.96 d17.13
MinimumVisualStudioVersion = 10.0.40219.1
Project("{FAE04EC0-301F-11D3-BF4B-00C04F79EFBC}") = "Fantasy Rpg game", "Fantasy Rpg game\Fantasy Rpg game.csproj", "{127A4C1D-87E8-420E-A046-88CB89EE8471}"
EndProject
Global
	GlobalSection(SolutionConfigurationPlatforms) = preSolution
		Debug|Any CPU = Debug|Any CPU
		Release|Any CPU = Release|Any CPU
	EndGlobalSection
	GlobalSection(ProjectConfigurationPlatforms) = postSolution
		{127A4C1D-87E8-420E-A046-88CB89EE8471}.Debug|Any CPU.ActiveCfg = Debug|Any CPU
		{127A4C1D-87E8-420E-A046-88CB89EE8471}.Debug|Any CPU.Build.0 = Debug|Any CPU
		{127A4C1D-87E8-420E-A046-88CB89EE8471}.Release|Any CPU.ActiveCfg = Release|Any CPU
		{127A4C1D-87E8-420E-A046-88CB89EE8471}.Release|Any CPU.Build.0 = Release|Any CPU
	EndGlobalSection
	GlobalSection(SolutionProperties) = preSolution
		HideSolutionNode = FALSE
	EndGlobalSection
	GlobalSection(ExtensibilityGlobals) = postSolution
		SolutionGuid = {E3B79823-F5E3-4E1F-B586-A1F154A5C2DA}
	EndGlobalSection
EndGlobal
